
Microsoft Visual Studio Solution File, Format Version 12.00
# Visual Studio 15
VisualStudioVersion = 15.0.28307.757
MinimumVisualStudioVersion = 10.0.40219.1
Project("{8BC9CEB8-8B4A-11D0-8D11-00A0C91BC942}") = "lab2", "lab2\lab2.vcxproj", "{686E06F1-E589-4078-9588-37095D1F2FE5}"
EndProject
Global
	GlobalSection(SolutionConfigurationPlatforms) = preSolution
		Debug|x64 = Debug|x64
		Debug|x86 = Debug|x86
		Release|x64 = Release|x64
		Release|x86 = Release|x86
	EndGlobalSection
	GlobalSection(ProjectConfigurationPlatforms) = postSolution
		{686E06F1-E589-4078-9588-37095D1F2FE5}.Debug|x64.ActiveCfg = Debug|x64
		{686E06F1-E589-4078-9588-37095D1F2FE5}.Debug|x64.Build.0 = Debug|x64
		{686E06F1-E589-4078-9588-37095D1F2FE5}.Debug|x86.ActiveCfg = Debug|Win32
		{686E06F1-E589-4078-9588-37095D1F2FE5}.Debug|x86.Build.0 = Debug|Win32
		{686E06F1-E589-4078-9588-37095D1F2FE5}.Release|x64.ActiveCfg = Release|x64
		{686E06F1-E589-4078-9588-37095D1F2FE5}.Release|x64.Build.0 = Release|x64
		{686E06F1-E589-4078-9588-37095D1F2FE5}.Release|x86.ActiveCfg = Release|Win32
		{686E06F1-E589-4078-9588-37095D1F2FE5}.Release|x86.Build.0 = Release|Win32
	EndGlobalSection
	GlobalSection(SolutionProperties) = preSolution
		HideSolutionNode = FALSE
	EndGlobalSection
	GlobalSection(ExtensibilityGlobals) = postSolution
		SolutionGuid = {5F45A17A-C7B5-4A16-84AA-276700178EA8}
	EndGlobalSection
EndGlobal
